
Microsoft Visual Studio Solution File, Format Version 12.00
# Visual Studio Version 17
VisualStudioVersion = 17.4.33205.214
MinimumVisualStudioVersion = 10.0.40219.1
Project("{FAE04EC0-301F-11D3-BF4B-00C04F79EFBC}") = "Csharp-Algorithm", "Csharp-Algorithm\Csharp-Algorithm.csproj", "{5184D6A4-5B57-4A3E-B6B7-A9BDF94D6DA3}"
EndProject
Project("{FAE04EC0-301F-11D3-BF4B-00C04F79EFBC}") = "List", "List\List.csproj", "{2F10B2F2-D57C-4998-A9EB-AF126DBA3677}"
EndProject
Global
	GlobalSection(SolutionConfigurationPlatforms) = preSolution
		Debug|Any CPU = Debug|Any CPU
		Release|Any CPU = Release|Any CPU
	EndGlobalSection
	GlobalSection(ProjectConfigurationPlatforms) = postSolution
		{5184D6A4-5B57-4A3E-B6B7-A9BDF94D6DA3}.Debug|Any CPU.ActiveCfg = Debug|Any CPU
		{5184D6A4-5B57-4A3E-B6B7-A9BDF94D6DA3}.Debug|Any CPU.Build.0 = Debug|Any CPU
		{5184D6A4-5B57-4A3E-B6B7-A9BDF94D6DA3}.Release|Any CPU.ActiveCfg = Release|Any CPU
		{5184D6A4-5B57-4A3E-B6B7-A9BDF94D6DA3}.Release|Any CPU.Build.0 = Release|Any CPU
		{2F10B2F2-D57C-4998-A9EB-AF126DBA3677}.Debug|Any CPU.ActiveCfg = Debug|Any CPU
		{2F10B2F2-D57C-4998-A9EB-AF126DBA3677}.Debug|Any CPU.Build.0 = Debug|Any CPU
		{2F10B2F2-D57C-4998-A9EB-AF126DBA3677}.Release|Any CPU.ActiveCfg = Release|Any CPU
		{2F10B2F2-D57C-4998-A9EB-AF126DBA3677}.Release|Any CPU.Build.0 = Release|Any CPU
	EndGlobalSection
	GlobalSection(SolutionProperties) = preSolution
		HideSolutionNode = FALSE
	EndGlobalSection
	GlobalSection(ExtensibilityGlobals) = postSolution
		SolutionGuid = {6E379A04-177B-4C51-87D1-33BE72FA340C}
	EndGlobalSection
EndGlobal
